
Microsoft Visual Studio Solution File, Format Version 12.00
# Visual Studio Version 16
VisualStudioVersion = 25.0.1706.6
MinimumVisualStudioVersion = 10.0.40219.1
Project("{FAE04EC0-301F-11D3-BF4B-00C04F79EFBC}") = "CarRentingSystem", "CarRentingSystem\CarRentingSystem.csproj", "{C3B3A491-73A5-448B-840E-7C0965DC1008}"
EndProject
Global
	GlobalSection(SolutionConfigurationPlatforms) = preSolution
		Debug|Any CPU = Debug|Any CPU
		Release|Any CPU = Release|Any CPU
	EndGlobalSection
	GlobalSection(ProjectConfigurationPlatforms) = postSolution
		{C3B3A491-73A5-448B-840E-7C0965DC1008}.Debug|Any CPU.ActiveCfg = Debug|Any CPU
		{C3B3A491-73A5-448B-840E-7C0965DC1008}.Debug|Any CPU.Build.0 = Debug|Any CPU
		{C3B3A491-73A5-448B-840E-7C0965DC1008}.Release|Any CPU.ActiveCfg = Release|Any CPU
		{C3B3A491-73A5-448B-840E-7C0965DC1008}.Release|Any CPU.Build.0 = Release|Any CPU
	EndGlobalSection
	GlobalSection(SolutionProperties) = preSolution
		HideSolutionNode = FALSE
	EndGlobalSection
	GlobalSection(ExtensibilityGlobals) = postSolution
		SolutionGuid = {3AF19FC9-007F-4DC9-86FF-F8C0560546A5}
	EndGlobalSection
EndGlobal
